schema: '2.0'
stages:
  load_data:
    cmd: python src/stage_01_load_save.py --config=config/config.yaml
    deps:
    - path: config/config.yaml
      md5: 1e816fda334395b1e31f3466b1c424ad
      size: 475
    - path: src/stage_01_load_save.py
      md5: 77793586fcf078d9b9c614cfd8d626dd
      size: 1723
    - path: src/utils/all_utils.py
      md5: 1c4810d5f5e78962ead572ed1f8d0581
      size: 1205
    outs:
    - path: data/cat
      md5: 2acc285e327d446c48b2deae2794c043.dir
      size: 18570831
      nfiles: 103
    - path: data/dog
      md5: 4cd98e0169f25b4675d46cbc1b678d2d.dir
      size: 19364112
      nfiles: 174
  prepare_base_model:
    cmd: python src/stage_02_prepare_base_model.py --config=config/config.yaml --params=params.yaml
    deps:
    - path: config/config.yaml
      md5: 1e816fda334395b1e31f3466b1c424ad
      size: 475
    - path: params.yaml
      md5: 984b1c1abc0e155982207b520413b6e3
      size: 124
    - path: src/stage_02_prepare_base_model.py
      md5: e3c0b706677ef9502e817c523912ffd6
      size: 2763
    - path: src/utils/all_utils.py
      md5: 1c4810d5f5e78962ead572ed1f8d0581
      size: 1205
    - path: src/utils/models.py
      md5: d40a12c0c9f74a1522ac9ee0eba34718
      size: 1762
    params:
      params.yaml:
        IMAGE_SIZE:
        - 224
        - 224
        - 3
        LEARNING_RATE: 0.001
    outs:
    - path: artifacts/base_model/VGG16_base_model.h5
      md5: adcb9690c5cdb070baa4f603d622b237
      size: 58920816
    - path: artifacts/base_model/updated_VGG16_base_model.h5
      md5: b605f4b8d1ce4b1c4496d718eec8ea25
      size: 59133416
  prepare_callbacks:
    cmd: python src/stage_03_prepare_callbacks.py --config=config/config.yaml --params=params.yaml
    deps:
    - path: config/config.yaml
      md5: 1e816fda334395b1e31f3466b1c424ad
      size: 475
    - path: params.yaml
      md5: 984b1c1abc0e155982207b520413b6e3
      size: 124
    - path: src/stage_03_prepare_callbacks.py
      md5: ee501c37d1f8d36a54e35bca07887535
      size: 1793
    - path: src/utils/all_utils.py
      md5: 1c4810d5f5e78962ead572ed1f8d0581
      size: 1205
    - path: src/utils/callbacks.py
      md5: 1b5f83571e47ff69f698d08ac825766a
      size: 1565
    outs:
    - path: artifacts/callbacks/checkpoint_cb.cb
      md5: ed88b3a1396ef7f358e7217e1d0ae25b
      size: 838
    - path: artifacts/callbacks/tensorboard_cb.cb
      md5: 7c4f3588ebf6e9579842797cc1e68b65
      size: 664
